
Microsoft Visual Studio Solution File, Format Version 12.00
# Visual Studio 15
VisualStudioVersion = 15.0.28307.168
MinimumVisualStudioVersion = 10.0.40219.1
Project("{FAE04EC0-301F-11D3-BF4B-00C04F79EFBC}") = "Generate_HardLinks", "Generate_HardLinks\Generate_HardLinks.csproj", "{B79E5A40-9127-4592-AFA0-45178C3EF74D}"
EndProject
Global
	GlobalSection(SolutionConfigurationPlatforms) = preSolution
		Debug|Any CPU = Debug|Any CPU
		Release|Any CPU = Release|Any CPU
	EndGlobalSection
	GlobalSection(ProjectConfigurationPlatforms) = postSolution
		{B79E5A40-9127-4592-AFA0-45178C3EF74D}.Debug|Any CPU.ActiveCfg = Debug|Any CPU
		{B79E5A40-9127-4592-AFA0-45178C3EF74D}.Debug|Any CPU.Build.0 = Debug|Any CPU
		{B79E5A40-9127-4592-AFA0-45178C3EF74D}.Release|Any CPU.ActiveCfg = Release|Any CPU
		{B79E5A40-9127-4592-AFA0-45178C3EF74D}.Release|Any CPU.Build.0 = Release|Any CPU
	EndGlobalSection
	GlobalSection(SolutionProperties) = preSolution
		HideSolutionNode = FALSE
	EndGlobalSection
	GlobalSection(ExtensibilityGlobals) = postSolution
		SolutionGuid = {EADDF49B-DB2B-4009-B8B4-3D036B72BE14}
	EndGlobalSection
EndGlobal
